
Microsoft Visual Studio Solution File, Format Version 12.00
# Visual Studio Version 17
VisualStudioVersion = 17.1.32421.90
MinimumVisualStudioVersion = 10.0.40219.1
Project("{FAE04EC0-301F-11D3-BF4B-00C04F79EFBC}") = "bootchamp5", "bootchamp5\bootchamp5.csproj", "{A153D109-46F9-4A57-AC9B-8B1E0FD7B49A}"
EndProject
Global
	GlobalSection(SolutionConfigurationPlatforms) = preSolution
		Debug|Any CPU = Debug|Any CPU
		Release|Any CPU = Release|Any CPU
	EndGlobalSection
	GlobalSection(ProjectConfigurationPlatforms) = postSolution
		{A153D109-46F9-4A57-AC9B-8B1E0FD7B49A}.Debug|Any CPU.ActiveCfg = Debug|Any CPU
		{A153D109-46F9-4A57-AC9B-8B1E0FD7B49A}.Debug|Any CPU.Build.0 = Debug|Any CPU
		{A153D109-46F9-4A57-AC9B-8B1E0FD7B49A}.Release|Any CPU.ActiveCfg = Release|Any CPU
		{A153D109-46F9-4A57-AC9B-8B1E0FD7B49A}.Release|Any CPU.Build.0 = Release|Any CPU
	EndGlobalSection
	GlobalSection(SolutionProperties) = preSolution
		HideSolutionNode = FALSE
	EndGlobalSection
	GlobalSection(ExtensibilityGlobals) = postSolution
		SolutionGuid = {206C1559-C8B8-4514-9F9C-2FCB492C544F}
	EndGlobalSection
EndGlobal
